
Microsoft Visual Studio Solution File, Format Version 12.00
# Visual Studio Version 17
VisualStudioVersion = 17.1.32328.378
MinimumVisualStudioVersion = 10.0.40219.1
Project("{FAE04EC0-301F-11D3-BF4B-00C04F79EFBC}") = "SharedGarden.API", "SharedGarden.API\SharedGarden.API.csproj", "{8AB36B92-5129-43CE-92D4-47619ADF0F28}"
EndProject
Project("{FAE04EC0-301F-11D3-BF4B-00C04F79EFBC}") = "Domain", "Domain\Domain.csproj", "{B0F2BF91-628E-4BDD-8FD6-68D60109D610}"
EndProject
Project("{FAE04EC0-301F-11D3-BF4B-00C04F79EFBC}") = "Infrastructure", "Infrastructure\Infrastructure.csproj", "{9301DB6A-CF84-49E2-81C1-D062FF7CB225}"
EndProject
Project("{FAE04EC0-301F-11D3-BF4B-00C04F79EFBC}") = "Application", "Application\Application.csproj", "{B11DC3E6-0821-4293-8DB7-17C65444C3FD}"
EndProject
Global
	GlobalSection(SolutionConfigurationPlatforms) = preSolution
		Debug|Any CPU = Debug|Any CPU
		Release|Any CPU = Release|Any CPU
	EndGlobalSection
	GlobalSection(ProjectConfigurationPlatforms) = postSolution
		{8AB36B92-5129-43CE-92D4-47619ADF0F28}.Debug|Any CPU.ActiveCfg = Debug|Any CPU
		{8AB36B92-5129-43CE-92D4-47619ADF0F28}.Debug|Any CPU.Build.0 = Debug|Any CPU
		{8AB36B92-5129-43CE-92D4-47619ADF0F28}.Release|Any CPU.ActiveCfg = Release|Any CPU
		{8AB36B92-5129-43CE-92D4-47619ADF0F28}.Release|Any CPU.Build.0 = Release|Any CPU
		{B0F2BF91-628E-4BDD-8FD6-68D60109D610}.Debug|Any CPU.ActiveCfg = Debug|Any CPU
		{B0F2BF91-628E-4BDD-8FD6-68D60109D610}.Debug|Any CPU.Build.0 = Debug|Any CPU
		{B0F2BF91-628E-4BDD-8FD6-68D60109D610}.Release|Any CPU.ActiveCfg = Release|Any CPU
		{B0F2BF91-628E-4BDD-8FD6-68D60109D610}.Release|Any CPU.Build.0 = Release|Any CPU
		{9301DB6A-CF84-49E2-81C1-D062FF7CB225}.Debug|Any CPU.ActiveCfg = Debug|Any CPU
		{9301DB6A-CF84-49E2-81C1-D062FF7CB225}.Debug|Any CPU.Build.0 = Debug|Any CPU
		{9301DB6A-CF84-49E2-81C1-D062FF7CB225}.Release|Any CPU.ActiveCfg = Release|Any CPU
		{9301DB6A-CF84-49E2-81C1-D062FF7CB225}.Release|Any CPU.Build.0 = Release|Any CPU
		{B11DC3E6-0821-4293-8DB7-17C65444C3FD}.Debug|Any CPU.ActiveCfg = Debug|Any CPU
		{B11DC3E6-0821-4293-8DB7-17C65444C3FD}.Debug|Any CPU.Build.0 = Debug|Any CPU
		{B11DC3E6-0821-4293-8DB7-17C65444C3FD}.Release|Any CPU.ActiveCfg = Release|Any CPU
		{B11DC3E6-0821-4293-8DB7-17C65444C3FD}.Release|Any CPU.Build.0 = Release|Any CPU
	EndGlobalSection
	GlobalSection(SolutionProperties) = preSolution
		HideSolutionNode = FALSE
	EndGlobalSection
	GlobalSection(ExtensibilityGlobals) = postSolution
		SolutionGuid = {E2328ED6-6693-4410-90FA-62507D463ED0}
	EndGlobalSection
EndGlobal
